
Microsoft Visual Studio Solution File, Format Version 12.00
Project("{FAE04EC0-301F-11D3-BF4B-00C04F79EFBC}") = "Zen.CUDA", "Zen.CUDA\Zen.CUDA.csproj", "{ADCA9B3D-1062-4E07-94B0-9589CAB8259D}"
EndProject
Project("{FAE04EC0-301F-11D3-BF4B-00C04F79EFBC}") = "Zen.Abstractions", "Zen.Abstractions\Zen.Abstractions.csproj", "{7DD87994-7700-43E5-A2D1-CA9E389AB30B}"
EndProject
Project("{FAE04EC0-301F-11D3-BF4B-00C04F79EFBC}") = "Zen.Playground", "Zen.Playground\Zen.Playground.csproj", "{4500509C-073F-4CFA-B9CD-D77D13226914}"
EndProject
Global
	GlobalSection(SolutionConfigurationPlatforms) = preSolution
		Debug|Any CPU = Debug|Any CPU
		Release|Any CPU = Release|Any CPU
	EndGlobalSection
	GlobalSection(ProjectConfigurationPlatforms) = postSolution
		{ADCA9B3D-1062-4E07-94B0-9589CAB8259D}.Debug|Any CPU.ActiveCfg = Debug|Any CPU
		{ADCA9B3D-1062-4E07-94B0-9589CAB8259D}.Debug|Any CPU.Build.0 = Debug|Any CPU
		{ADCA9B3D-1062-4E07-94B0-9589CAB8259D}.Release|Any CPU.ActiveCfg = Release|Any CPU
		{ADCA9B3D-1062-4E07-94B0-9589CAB8259D}.Release|Any CPU.Build.0 = Release|Any CPU
		{7DD87994-7700-43E5-A2D1-CA9E389AB30B}.Debug|Any CPU.ActiveCfg = Debug|Any CPU
		{7DD87994-7700-43E5-A2D1-CA9E389AB30B}.Debug|Any CPU.Build.0 = Debug|Any CPU
		{7DD87994-7700-43E5-A2D1-CA9E389AB30B}.Release|Any CPU.ActiveCfg = Release|Any CPU
		{7DD87994-7700-43E5-A2D1-CA9E389AB30B}.Release|Any CPU.Build.0 = Release|Any CPU
		{4500509C-073F-4CFA-B9CD-D77D13226914}.Debug|Any CPU.ActiveCfg = Debug|Any CPU
		{4500509C-073F-4CFA-B9CD-D77D13226914}.Debug|Any CPU.Build.0 = Debug|Any CPU
		{4500509C-073F-4CFA-B9CD-D77D13226914}.Release|Any CPU.ActiveCfg = Release|Any CPU
		{4500509C-073F-4CFA-B9CD-D77D13226914}.Release|Any CPU.Build.0 = Release|Any CPU
	EndGlobalSection
EndGlobal
